
Microsoft Visual Studio Solution File, Format Version 12.00
# Visual Studio Version 16
VisualStudioVersion = 16.0.29318.209
MinimumVisualStudioVersion = 10.0.40219.1
Project("{2150E333-8FDC-42A3-9474-1A3956D46DE8}") = "Solution Items", "Solution Items", "{D66B1C6A-ADFE-437E-B037-C4C849A6CA97}"
	ProjectSection(SolutionItems) = preProject
		.editorconfig = .editorconfig
		README.md = README.md
	EndProjectSection
EndProject
Project("{930C7802-8A8C-48F9-8165-68863BCCD9DD}") = "ZitiWintunInstaller", "ZitiWintunInstaller\ZitiWintunInstaller.wixproj", "{1A5D850F-2E38-4524-8745-29A96FA62683}"
EndProject
Global
	GlobalSection(SolutionConfigurationPlatforms) = preSolution
		Debug|Any CPU = Debug|Any CPU
		Debug|ARM = Debug|ARM
		Debug|ARM64 = Debug|ARM64
		Debug|x64 = Debug|x64
		Debug|x86 = Debug|x86
		Release|Any CPU = Release|Any CPU
		Release|ARM = Release|ARM
		Release|ARM64 = Release|ARM64
		Release|x64 = Release|x64
		Release|x86 = Release|x86
	EndGlobalSection
	GlobalSection(ProjectConfigurationPlatforms) = postSolution
		{1A5D850F-2E38-4524-8745-29A96FA62683}.Debug|Any CPU.ActiveCfg = Debug|x86
		{1A5D850F-2E38-4524-8745-29A96FA62683}.Debug|Any CPU.Build.0 = Debug|x86
		{1A5D850F-2E38-4524-8745-29A96FA62683}.Debug|ARM.ActiveCfg = Debug|x86
		{1A5D850F-2E38-4524-8745-29A96FA62683}.Debug|ARM64.ActiveCfg = Debug|x86
		{1A5D850F-2E38-4524-8745-29A96FA62683}.Debug|x64.ActiveCfg = Debug|x86
		{1A5D850F-2E38-4524-8745-29A96FA62683}.Debug|x86.ActiveCfg = Debug|x86
		{1A5D850F-2E38-4524-8745-29A96FA62683}.Debug|x86.Build.0 = Debug|x86
		{1A5D850F-2E38-4524-8745-29A96FA62683}.Release|Any CPU.ActiveCfg = Release|x86
		{1A5D850F-2E38-4524-8745-29A96FA62683}.Release|Any CPU.Build.0 = Release|x86
		{1A5D850F-2E38-4524-8745-29A96FA62683}.Release|ARM.ActiveCfg = Release|x86
		{1A5D850F-2E38-4524-8745-29A96FA62683}.Release|ARM64.ActiveCfg = Release|x86
		{1A5D850F-2E38-4524-8745-29A96FA62683}.Release|x64.ActiveCfg = Release|x86
		{1A5D850F-2E38-4524-8745-29A96FA62683}.Release|x86.ActiveCfg = Release|x86
		{1A5D850F-2E38-4524-8745-29A96FA62683}.Release|x86.Build.0 = Release|x86
	EndGlobalSection
	GlobalSection(SolutionProperties) = preSolution
		HideSolutionNode = FALSE
	EndGlobalSection
	GlobalSection(ExtensibilityGlobals) = postSolution
		SolutionGuid = {3E499EAC-C1BA-41A0-8076-D660F8ACC977}
	EndGlobalSection
EndGlobal
