
Microsoft Visual Studio Solution File, Format Version 12.00
# Visual Studio Version 17
VisualStudioVersion = 17.7.34031.279
MinimumVisualStudioVersion = 10.0.40219.1
Project("{2150E333-8FDC-42A3-9474-1A3956D46DE8}") = "Solution Items", "Solution Items", "{D66B1C6A-ADFE-437E-B037-C4C849A6CA97}"
	ProjectSection(SolutionItems) = preProject
		.editorconfig = .editorconfig
		adv-inst-version = adv-inst-version
		build-test-release.ps1 = build-test-release.ps1
		Installer\build.ps1 = Installer\build.ps1
		.github\workflows\installer.build.yml = .github\workflows\installer.build.yml
		.github\workflows\mattermost-ziti-webhook.yml = .github\workflows\mattermost-ziti-webhook.yml
		README.md = README.md
		Installer\reg.bat = Installer\reg.bat
		releasing.md = releasing.md
		update-versions.ps1 = update-versions.ps1
		version = version
		ziti.ico = ziti.ico
	EndProjectSection
EndProject
Project("{FAE04EC0-301F-11D3-BF4B-00C04F79EFBC}") = "ZitiDesktopEdge", "DesktopEdge\ZitiDesktopEdge.csproj", "{FA4291EA-A97E-4854-959F-91EE7B330B37}"
EndProject
Project("{FAE04EC0-301F-11D3-BF4B-00C04F79EFBC}") = "ZitiDesktopEdge.Client", "ZitiDesktopEdge.Client\ZitiDesktopEdge.Client.csproj", "{26B30979-99B5-4102-BD0B-129BEDFF0057}"
EndProject
Project("{FAE04EC0-301F-11D3-BF4B-00C04F79EFBC}") = "ZitiUpdateService", "ZitiUpdateService\ZitiUpdateService.csproj", "{9AB81609-F5DD-40A6-87B5-F3279D48514D}"
EndProject
Project("{FAE04EC0-301F-11D3-BF4B-00C04F79EFBC}") = "ZitiUpgradeSentinel", "ZitiUpgradeSentinel\ZitiUpgradeSentinel.csproj", "{3904DEC1-ED7A-49D8-BA4D-D88F3B419248}"
EndProject
Project("{2150E333-8FDC-42A3-9474-1A3956D46DE8}") = "release-streams", "release-streams", "{36C30126-C9DC-4233-835E-9E036BCD1A29}"
	ProjectSection(SolutionItems) = preProject
		release-streams\beta.json = release-streams\beta.json
		release-streams\dev.json = release-streams\dev.json
		release-streams\latest.json = release-streams\latest.json
		release-streams\stable.json = release-streams\stable.json
	EndProjectSection
EndProject
Project("{2150E333-8FDC-42A3-9474-1A3956D46DE8}") = ".github", ".github", "{472A2C6C-6AAB-405A-82CF-6126B47F0361}"
	ProjectSection(SolutionItems) = preProject
		.github\CODEOWNERS = .github\CODEOWNERS
	EndProjectSection
EndProject
Project("{2150E333-8FDC-42A3-9474-1A3956D46DE8}") = "workflows", "workflows", "{DB005713-0237-4719-9F7B-A239879B290D}"
	ProjectSection(SolutionItems) = preProject
		.github\workflows\installer.build.yml = .github\workflows\installer.build.yml
		.github\workflows\mattermost-ziti-webhook.yml = .github\workflows\mattermost-ziti-webhook.yml
		.github\workflows\release-drafter.yml = .github\workflows\release-drafter.yml
	EndProjectSection
EndProject
Global
	GlobalSection(SolutionConfigurationPlatforms) = preSolution
		Debug|Any CPU = Debug|Any CPU
		Debug|ARM = Debug|ARM
		Debug|ARM64 = Debug|ARM64
		Debug|x64 = Debug|x64
		Debug|x86 = Debug|x86
		Release|Any CPU = Release|Any CPU
		Release|ARM = Release|ARM
		Release|ARM64 = Release|ARM64
		Release|x64 = Release|x64
		Release|x86 = Release|x86
	EndGlobalSection
	GlobalSection(ProjectConfigurationPlatforms) = postSolution
		{FA4291EA-A97E-4854-959F-91EE7B330B37}.Debug|Any CPU.ActiveCfg = Debug|Any CPU
		{FA4291EA-A97E-4854-959F-91EE7B330B37}.Debug|Any CPU.Build.0 = Debug|Any CPU
		{FA4291EA-A97E-4854-959F-91EE7B330B37}.Debug|ARM.ActiveCfg = Debug|Any CPU
		{FA4291EA-A97E-4854-959F-91EE7B330B37}.Debug|ARM.Build.0 = Debug|Any CPU
		{FA4291EA-A97E-4854-959F-91EE7B330B37}.Debug|ARM64.ActiveCfg = Debug|Any CPU
		{FA4291EA-A97E-4854-959F-91EE7B330B37}.Debug|ARM64.Build.0 = Debug|Any CPU
		{FA4291EA-A97E-4854-959F-91EE7B330B37}.Debug|x64.ActiveCfg = Debug|Any CPU
		{FA4291EA-A97E-4854-959F-91EE7B330B37}.Debug|x64.Build.0 = Debug|Any CPU
		{FA4291EA-A97E-4854-959F-91EE7B330B37}.Debug|x86.ActiveCfg = Debug|Any CPU
		{FA4291EA-A97E-4854-959F-91EE7B330B37}.Debug|x86.Build.0 = Debug|Any CPU
		{FA4291EA-A97E-4854-959F-91EE7B330B37}.Release|Any CPU.ActiveCfg = Release|Any CPU
		{FA4291EA-A97E-4854-959F-91EE7B330B37}.Release|Any CPU.Build.0 = Release|Any CPU
		{FA4291EA-A97E-4854-959F-91EE7B330B37}.Release|ARM.ActiveCfg = Release|Any CPU
		{FA4291EA-A97E-4854-959F-91EE7B330B37}.Release|ARM.Build.0 = Release|Any CPU
		{FA4291EA-A97E-4854-959F-91EE7B330B37}.Release|ARM64.ActiveCfg = Release|Any CPU
		{FA4291EA-A97E-4854-959F-91EE7B330B37}.Release|ARM64.Build.0 = Release|Any CPU
		{FA4291EA-A97E-4854-959F-91EE7B330B37}.Release|x64.ActiveCfg = Release|Any CPU
		{FA4291EA-A97E-4854-959F-91EE7B330B37}.Release|x64.Build.0 = Release|Any CPU
		{FA4291EA-A97E-4854-959F-91EE7B330B37}.Release|x86.ActiveCfg = Release|Any CPU
		{FA4291EA-A97E-4854-959F-91EE7B330B37}.Release|x86.Build.0 = Release|Any CPU
		{26B30979-99B5-4102-BD0B-129BEDFF0057}.Debug|Any CPU.ActiveCfg = Debug|Any CPU
		{26B30979-99B5-4102-BD0B-129BEDFF0057}.Debug|Any CPU.Build.0 = Debug|Any CPU
		{26B30979-99B5-4102-BD0B-129BEDFF0057}.Debug|ARM.ActiveCfg = Debug|Any CPU
		{26B30979-99B5-4102-BD0B-129BEDFF0057}.Debug|ARM.Build.0 = Debug|Any CPU
		{26B30979-99B5-4102-BD0B-129BEDFF0057}.Debug|ARM64.ActiveCfg = Debug|Any CPU
		{26B30979-99B5-4102-BD0B-129BEDFF0057}.Debug|ARM64.Build.0 = Debug|Any CPU
		{26B30979-99B5-4102-BD0B-129BEDFF0057}.Debug|x64.ActiveCfg = Debug|Any CPU
		{26B30979-99B5-4102-BD0B-129BEDFF0057}.Debug|x64.Build.0 = Debug|Any CPU
		{26B30979-99B5-4102-BD0B-129BEDFF0057}.Debug|x86.ActiveCfg = Debug|Any CPU
		{26B30979-99B5-4102-BD0B-129BEDFF0057}.Debug|x86.Build.0 = Debug|Any CPU
		{26B30979-99B5-4102-BD0B-129BEDFF0057}.Release|Any CPU.ActiveCfg = Release|Any CPU
		{26B30979-99B5-4102-BD0B-129BEDFF0057}.Release|Any CPU.Build.0 = Release|Any CPU
		{26B30979-99B5-4102-BD0B-129BEDFF0057}.Release|ARM.ActiveCfg = Release|Any CPU
		{26B30979-99B5-4102-BD0B-129BEDFF0057}.Release|ARM.Build.0 = Release|Any CPU
		{26B30979-99B5-4102-BD0B-129BEDFF0057}.Release|ARM64.ActiveCfg = Release|Any CPU
		{26B30979-99B5-4102-BD0B-129BEDFF0057}.Release|ARM64.Build.0 = Release|Any CPU
		{26B30979-99B5-4102-BD0B-129BEDFF0057}.Release|x64.ActiveCfg = Release|Any CPU
		{26B30979-99B5-4102-BD0B-129BEDFF0057}.Release|x64.Build.0 = Release|Any CPU
		{26B30979-99B5-4102-BD0B-129BEDFF0057}.Release|x86.ActiveCfg = Release|Any CPU
		{26B30979-99B5-4102-BD0B-129BEDFF0057}.Release|x86.Build.0 = Release|Any CPU
		{9AB81609-F5DD-40A6-87B5-F3279D48514D}.Debug|Any CPU.ActiveCfg = Debug|Any CPU
		{9AB81609-F5DD-40A6-87B5-F3279D48514D}.Debug|Any CPU.Build.0 = Debug|Any CPU
		{9AB81609-F5DD-40A6-87B5-F3279D48514D}.Debug|ARM.ActiveCfg = Debug|Any CPU
		{9AB81609-F5DD-40A6-87B5-F3279D48514D}.Debug|ARM.Build.0 = Debug|Any CPU
		{9AB81609-F5DD-40A6-87B5-F3279D48514D}.Debug|ARM64.ActiveCfg = Debug|Any CPU
		{9AB81609-F5DD-40A6-87B5-F3279D48514D}.Debug|ARM64.Build.0 = Debug|Any CPU
		{9AB81609-F5DD-40A6-87B5-F3279D48514D}.Debug|x64.ActiveCfg = Debug|Any CPU
		{9AB81609-F5DD-40A6-87B5-F3279D48514D}.Debug|x64.Build.0 = Debug|Any CPU
		{9AB81609-F5DD-40A6-87B5-F3279D48514D}.Debug|x86.ActiveCfg = Debug|Any CPU
		{9AB81609-F5DD-40A6-87B5-F3279D48514D}.Debug|x86.Build.0 = Debug|Any CPU
		{9AB81609-F5DD-40A6-87B5-F3279D48514D}.Release|Any CPU.ActiveCfg = Release|Any CPU
		{9AB81609-F5DD-40A6-87B5-F3279D48514D}.Release|Any CPU.Build.0 = Release|Any CPU
		{9AB81609-F5DD-40A6-87B5-F3279D48514D}.Release|ARM.ActiveCfg = Release|Any CPU
		{9AB81609-F5DD-40A6-87B5-F3279D48514D}.Release|ARM.Build.0 = Release|Any CPU
		{9AB81609-F5DD-40A6-87B5-F3279D48514D}.Release|ARM64.ActiveCfg = Release|Any CPU
		{9AB81609-F5DD-40A6-87B5-F3279D48514D}.Release|ARM64.Build.0 = Release|Any CPU
		{9AB81609-F5DD-40A6-87B5-F3279D48514D}.Release|x64.ActiveCfg = Release|Any CPU
		{9AB81609-F5DD-40A6-87B5-F3279D48514D}.Release|x64.Build.0 = Release|Any CPU
		{9AB81609-F5DD-40A6-87B5-F3279D48514D}.Release|x86.ActiveCfg = Release|Any CPU
		{9AB81609-F5DD-40A6-87B5-F3279D48514D}.Release|x86.Build.0 = Release|Any CPU
		{3904DEC1-ED7A-49D8-BA4D-D88F3B419248}.Debug|Any CPU.ActiveCfg = Debug|Any CPU
		{3904DEC1-ED7A-49D8-BA4D-D88F3B419248}.Debug|Any CPU.Build.0 = Debug|Any CPU
		{3904DEC1-ED7A-49D8-BA4D-D88F3B419248}.Debug|ARM.ActiveCfg = Debug|Any CPU
		{3904DEC1-ED7A-49D8-BA4D-D88F3B419248}.Debug|ARM.Build.0 = Debug|Any CPU
		{3904DEC1-ED7A-49D8-BA4D-D88F3B419248}.Debug|ARM64.ActiveCfg = Debug|Any CPU
		{3904DEC1-ED7A-49D8-BA4D-D88F3B419248}.Debug|ARM64.Build.0 = Debug|Any CPU
		{3904DEC1-ED7A-49D8-BA4D-D88F3B419248}.Debug|x64.ActiveCfg = Debug|Any CPU
		{3904DEC1-ED7A-49D8-BA4D-D88F3B419248}.Debug|x64.Build.0 = Debug|Any CPU
		{3904DEC1-ED7A-49D8-BA4D-D88F3B419248}.Debug|x86.ActiveCfg = Debug|Any CPU
		{3904DEC1-ED7A-49D8-BA4D-D88F3B419248}.Debug|x86.Build.0 = Debug|Any CPU
		{3904DEC1-ED7A-49D8-BA4D-D88F3B419248}.Release|Any CPU.ActiveCfg = Release|Any CPU
		{3904DEC1-ED7A-49D8-BA4D-D88F3B419248}.Release|Any CPU.Build.0 = Release|Any CPU
		{3904DEC1-ED7A-49D8-BA4D-D88F3B419248}.Release|ARM.ActiveCfg = Release|Any CPU
		{3904DEC1-ED7A-49D8-BA4D-D88F3B419248}.Release|ARM.Build.0 = Release|Any CPU
		{3904DEC1-ED7A-49D8-BA4D-D88F3B419248}.Release|ARM64.ActiveCfg = Release|Any CPU
		{3904DEC1-ED7A-49D8-BA4D-D88F3B419248}.Release|ARM64.Build.0 = Release|Any CPU
		{3904DEC1-ED7A-49D8-BA4D-D88F3B419248}.Release|x64.ActiveCfg = Release|Any CPU
		{3904DEC1-ED7A-49D8-BA4D-D88F3B419248}.Release|x64.Build.0 = Release|Any CPU
		{3904DEC1-ED7A-49D8-BA4D-D88F3B419248}.Release|x86.ActiveCfg = Release|Any CPU
		{3904DEC1-ED7A-49D8-BA4D-D88F3B419248}.Release|x86.Build.0 = Release|Any CPU
	EndGlobalSection
	GlobalSection(SolutionProperties) = preSolution
		HideSolutionNode = FALSE
	EndGlobalSection
	GlobalSection(NestedProjects) = preSolution
		{36C30126-C9DC-4233-835E-9E036BCD1A29} = {D66B1C6A-ADFE-437E-B037-C4C849A6CA97}
		{472A2C6C-6AAB-405A-82CF-6126B47F0361} = {D66B1C6A-ADFE-437E-B037-C4C849A6CA97}
		{DB005713-0237-4719-9F7B-A239879B290D} = {472A2C6C-6AAB-405A-82CF-6126B47F0361}
	EndGlobalSection
	GlobalSection(ExtensibilityGlobals) = postSolution
		SolutionGuid = {3E499EAC-C1BA-41A0-8076-D660F8ACC977}
	EndGlobalSection
EndGlobal
