
Microsoft Visual Studio Solution File, Format Version 12.00
# Visual Studio Version 16
VisualStudioVersion = 16.0.29318.209
MinimumVisualStudioVersion = 10.0.40219.1
Project("{2150E333-8FDC-42A3-9474-1A3956D46DE8}") = "Solution Items", "Solution Items", "{D66B1C6A-ADFE-437E-B037-C4C849A6CA97}"
	ProjectSection(SolutionItems) = preProject
		.editorconfig = .editorconfig
		README.md = README.md
	EndProjectSection
EndProject
Project("{FAE04EC0-301F-11D3-BF4B-00C04F79EFBC}") = "ZitiTunneler", "ZitiTunneler\ZitiTunneler.csproj", "{FA4291EA-A97E-4854-959F-91EE7B330B37}"
EndProject
Project("{C7167F0D-BC9F-4E6E-AFE1-012C56B48DB5}") = "ZitiTunnelerSetup", "ZitiTunnelerSetup\ZitiTunnelerSetup.wapproj", "{7B36FB31-5662-4F87-A376-BCE564533D58}"
EndProject
Project("{930C7802-8A8C-48F9-8165-68863BCCD9DD}") = "ZitiSetup", "ZitiSetup\ZitiSetup.wixproj", "{B44CE05F-CD5D-4333-9225-60D3BA0F4762}"
EndProject
Project("{54435603-DBB4-11D2-8724-00A0C9A8B90C}") = "ZitiInstaller", "ZitiInstaller\ZitiInstaller.vdproj", "{5D4B2918-2168-4278-A3C9-3C67BB807217}"
EndProject
Global
	GlobalSection(SolutionConfigurationPlatforms) = preSolution
		Debug|Any CPU = Debug|Any CPU
		Debug|ARM = Debug|ARM
		Debug|ARM64 = Debug|ARM64
		Debug|Default = Debug|Default
		Debug|x64 = Debug|x64
		Release|Any CPU = Release|Any CPU
		Release|ARM = Release|ARM
		Release|ARM64 = Release|ARM64
		Release|Default = Release|Default
		Release|x64 = Release|x64
	EndGlobalSection
	GlobalSection(ProjectConfigurationPlatforms) = postSolution
		{FA4291EA-A97E-4854-959F-91EE7B330B37}.Debug|Any CPU.ActiveCfg = Debug|Any CPU
		{FA4291EA-A97E-4854-959F-91EE7B330B37}.Debug|Any CPU.Build.0 = Debug|Any CPU
		{FA4291EA-A97E-4854-959F-91EE7B330B37}.Debug|ARM.ActiveCfg = Debug|Any CPU
		{FA4291EA-A97E-4854-959F-91EE7B330B37}.Debug|ARM.Build.0 = Debug|Any CPU
		{FA4291EA-A97E-4854-959F-91EE7B330B37}.Debug|ARM64.ActiveCfg = Debug|Any CPU
		{FA4291EA-A97E-4854-959F-91EE7B330B37}.Debug|ARM64.Build.0 = Debug|Any CPU
		{FA4291EA-A97E-4854-959F-91EE7B330B37}.Debug|Default.ActiveCfg = Debug|Any CPU
		{FA4291EA-A97E-4854-959F-91EE7B330B37}.Debug|Default.Build.0 = Debug|Any CPU
		{FA4291EA-A97E-4854-959F-91EE7B330B37}.Debug|x64.ActiveCfg = Debug|Any CPU
		{FA4291EA-A97E-4854-959F-91EE7B330B37}.Debug|x64.Build.0 = Debug|Any CPU
		{FA4291EA-A97E-4854-959F-91EE7B330B37}.Release|Any CPU.ActiveCfg = Release|Any CPU
		{FA4291EA-A97E-4854-959F-91EE7B330B37}.Release|Any CPU.Build.0 = Release|Any CPU
		{FA4291EA-A97E-4854-959F-91EE7B330B37}.Release|ARM.ActiveCfg = Release|Any CPU
		{FA4291EA-A97E-4854-959F-91EE7B330B37}.Release|ARM.Build.0 = Release|Any CPU
		{FA4291EA-A97E-4854-959F-91EE7B330B37}.Release|ARM64.ActiveCfg = Release|Any CPU
		{FA4291EA-A97E-4854-959F-91EE7B330B37}.Release|ARM64.Build.0 = Release|Any CPU
		{FA4291EA-A97E-4854-959F-91EE7B330B37}.Release|Default.ActiveCfg = Release|Any CPU
		{FA4291EA-A97E-4854-959F-91EE7B330B37}.Release|Default.Build.0 = Release|Any CPU
		{FA4291EA-A97E-4854-959F-91EE7B330B37}.Release|x64.ActiveCfg = Release|Any CPU
		{FA4291EA-A97E-4854-959F-91EE7B330B37}.Release|x64.Build.0 = Release|Any CPU
		{7B36FB31-5662-4F87-A376-BCE564533D58}.Debug|Any CPU.ActiveCfg = Debug|Any CPU
		{7B36FB31-5662-4F87-A376-BCE564533D58}.Debug|Any CPU.Build.0 = Debug|Any CPU
		{7B36FB31-5662-4F87-A376-BCE564533D58}.Debug|Any CPU.Deploy.0 = Debug|Any CPU
		{7B36FB31-5662-4F87-A376-BCE564533D58}.Debug|ARM.ActiveCfg = Debug|Any CPU
		{7B36FB31-5662-4F87-A376-BCE564533D58}.Debug|ARM.Build.0 = Debug|Any CPU
		{7B36FB31-5662-4F87-A376-BCE564533D58}.Debug|ARM.Deploy.0 = Debug|Any CPU
		{7B36FB31-5662-4F87-A376-BCE564533D58}.Debug|ARM64.ActiveCfg = Debug|Any CPU
		{7B36FB31-5662-4F87-A376-BCE564533D58}.Debug|ARM64.Build.0 = Debug|Any CPU
		{7B36FB31-5662-4F87-A376-BCE564533D58}.Debug|ARM64.Deploy.0 = Debug|Any CPU
		{7B36FB31-5662-4F87-A376-BCE564533D58}.Debug|Default.ActiveCfg = Debug|Any CPU
		{7B36FB31-5662-4F87-A376-BCE564533D58}.Debug|Default.Build.0 = Debug|Any CPU
		{7B36FB31-5662-4F87-A376-BCE564533D58}.Debug|Default.Deploy.0 = Debug|Any CPU
		{7B36FB31-5662-4F87-A376-BCE564533D58}.Debug|x64.ActiveCfg = Debug|x64
		{7B36FB31-5662-4F87-A376-BCE564533D58}.Debug|x64.Build.0 = Debug|x64
		{7B36FB31-5662-4F87-A376-BCE564533D58}.Debug|x64.Deploy.0 = Debug|x64
		{7B36FB31-5662-4F87-A376-BCE564533D58}.Release|Any CPU.ActiveCfg = Release|Any CPU
		{7B36FB31-5662-4F87-A376-BCE564533D58}.Release|Any CPU.Build.0 = Release|Any CPU
		{7B36FB31-5662-4F87-A376-BCE564533D58}.Release|Any CPU.Deploy.0 = Release|Any CPU
		{7B36FB31-5662-4F87-A376-BCE564533D58}.Release|ARM.ActiveCfg = Release|Any CPU
		{7B36FB31-5662-4F87-A376-BCE564533D58}.Release|ARM.Build.0 = Release|Any CPU
		{7B36FB31-5662-4F87-A376-BCE564533D58}.Release|ARM.Deploy.0 = Release|Any CPU
		{7B36FB31-5662-4F87-A376-BCE564533D58}.Release|ARM64.ActiveCfg = Release|Any CPU
		{7B36FB31-5662-4F87-A376-BCE564533D58}.Release|ARM64.Build.0 = Release|Any CPU
		{7B36FB31-5662-4F87-A376-BCE564533D58}.Release|ARM64.Deploy.0 = Release|Any CPU
		{7B36FB31-5662-4F87-A376-BCE564533D58}.Release|Default.ActiveCfg = Release|Any CPU
		{7B36FB31-5662-4F87-A376-BCE564533D58}.Release|Default.Build.0 = Release|Any CPU
		{7B36FB31-5662-4F87-A376-BCE564533D58}.Release|Default.Deploy.0 = Release|Any CPU
		{7B36FB31-5662-4F87-A376-BCE564533D58}.Release|x64.ActiveCfg = Release|x64
		{7B36FB31-5662-4F87-A376-BCE564533D58}.Release|x64.Build.0 = Release|x64
		{7B36FB31-5662-4F87-A376-BCE564533D58}.Release|x64.Deploy.0 = Release|x64
		{B44CE05F-CD5D-4333-9225-60D3BA0F4762}.Debug|Any CPU.ActiveCfg = Debug|x86
		{B44CE05F-CD5D-4333-9225-60D3BA0F4762}.Debug|ARM.ActiveCfg = Debug|x86
		{B44CE05F-CD5D-4333-9225-60D3BA0F4762}.Debug|ARM64.ActiveCfg = Debug|x86
		{B44CE05F-CD5D-4333-9225-60D3BA0F4762}.Debug|Default.ActiveCfg = Debug|x86
		{B44CE05F-CD5D-4333-9225-60D3BA0F4762}.Debug|x64.ActiveCfg = Debug|x86
		{B44CE05F-CD5D-4333-9225-60D3BA0F4762}.Release|Any CPU.ActiveCfg = Release|x86
		{B44CE05F-CD5D-4333-9225-60D3BA0F4762}.Release|ARM.ActiveCfg = Release|x86
		{B44CE05F-CD5D-4333-9225-60D3BA0F4762}.Release|ARM64.ActiveCfg = Release|x86
		{B44CE05F-CD5D-4333-9225-60D3BA0F4762}.Release|Default.ActiveCfg = Release|x86
		{B44CE05F-CD5D-4333-9225-60D3BA0F4762}.Release|x64.ActiveCfg = Release|x86
		{5D4B2918-2168-4278-A3C9-3C67BB807217}.Debug|Any CPU.ActiveCfg = Debug
		{5D4B2918-2168-4278-A3C9-3C67BB807217}.Debug|ARM.ActiveCfg = Debug
		{5D4B2918-2168-4278-A3C9-3C67BB807217}.Debug|ARM.Build.0 = Debug
		{5D4B2918-2168-4278-A3C9-3C67BB807217}.Debug|ARM64.ActiveCfg = Debug
		{5D4B2918-2168-4278-A3C9-3C67BB807217}.Debug|ARM64.Build.0 = Debug
		{5D4B2918-2168-4278-A3C9-3C67BB807217}.Debug|Default.ActiveCfg = Debug
		{5D4B2918-2168-4278-A3C9-3C67BB807217}.Debug|Default.Build.0 = Debug
		{5D4B2918-2168-4278-A3C9-3C67BB807217}.Debug|x64.ActiveCfg = Debug
		{5D4B2918-2168-4278-A3C9-3C67BB807217}.Debug|x64.Build.0 = Debug
		{5D4B2918-2168-4278-A3C9-3C67BB807217}.Release|Any CPU.ActiveCfg = Release
		{5D4B2918-2168-4278-A3C9-3C67BB807217}.Release|Any CPU.Build.0 = Release
		{5D4B2918-2168-4278-A3C9-3C67BB807217}.Release|ARM.ActiveCfg = Release
		{5D4B2918-2168-4278-A3C9-3C67BB807217}.Release|ARM.Build.0 = Release
		{5D4B2918-2168-4278-A3C9-3C67BB807217}.Release|ARM64.ActiveCfg = Release
		{5D4B2918-2168-4278-A3C9-3C67BB807217}.Release|ARM64.Build.0 = Release
		{5D4B2918-2168-4278-A3C9-3C67BB807217}.Release|Default.ActiveCfg = Release
		{5D4B2918-2168-4278-A3C9-3C67BB807217}.Release|Default.Build.0 = Release
		{5D4B2918-2168-4278-A3C9-3C67BB807217}.Release|x64.ActiveCfg = Release
		{5D4B2918-2168-4278-A3C9-3C67BB807217}.Release|x64.Build.0 = Release
	EndGlobalSection
	GlobalSection(SolutionProperties) = preSolution
		HideSolutionNode = FALSE
	EndGlobalSection
	GlobalSection(ExtensibilityGlobals) = postSolution
		SolutionGuid = {196E91E3-8AF1-41B3-9BD5-002BC225B6E3}
	EndGlobalSection
	GlobalSection(SolutionConfigurationPlatforms) = preSolution
		Debug|Any CPU = Debug|Any CPU
		Debug|ARM = Debug|ARM
		Debug|ARM64 = Debug|ARM64
		Debug|Default = Debug|Default
		Release|Any CPU = Release|Any CPU
		Release|ARM = Release|ARM
		Release|ARM64 = Release|ARM64
		Release|Default = Release|Default
	EndGlobalSection
	GlobalSection(SolutionConfigurationPlatforms) = preSolution
		Debug|Any CPU = Debug|Any CPU
		Debug|Default = Debug|Default
		Release|Any CPU = Release|Any CPU
		Release|Default = Release|Default
	EndGlobalSection
	GlobalSection(SolutionConfigurationPlatforms) = preSolution
		Debug|Any CPU = Debug|Any CPU
		Debug|ARM = Debug|ARM
		Debug|ARM64 = Debug|ARM64
		Debug|x64 = Debug|x64
		Debug|x86 = Debug|x86
		Release|Any CPU = Release|Any CPU
		Release|ARM = Release|ARM
		Release|ARM64 = Release|ARM64
		Release|x64 = Release|x64
		Release|x86 = Release|x86
	EndGlobalSection
EndGlobal
