
Microsoft Visual Studio Solution File, Format Version 12.00
# Visual Studio Version 16
VisualStudioVersion = 16.0.29318.209
MinimumVisualStudioVersion = 10.0.40219.1
Project("{2150E333-8FDC-42A3-9474-1A3956D46DE8}") = "Solution Items", "Solution Items", "{D66B1C6A-ADFE-437E-B037-C4C849A6CA97}"
	ProjectSection(SolutionItems) = preProject
		.editorconfig = .editorconfig
		README.md = README.md
	EndProjectSection
EndProject
Project("{FAE04EC0-301F-11D3-BF4B-00C04F79EFBC}") = "ZitiTunneler", "ZitiTunneler\ZitiTunneler.csproj", "{FA4291EA-A97E-4854-959F-91EE7B330B37}"
EndProject
Project("{C7167F0D-BC9F-4E6E-AFE1-012C56B48DB5}") = "ZitiInstaller", "ZitiInstaller\ZitiInstaller.wapproj", "{520E523A-1E9B-4983-ABA9-0EB3B27B6420}"
EndProject
Global
	GlobalSection(SolutionConfigurationPlatforms) = preSolution
		Debug|Any CPU = Debug|Any CPU
		Debug|ARM = Debug|ARM
		Debug|ARM64 = Debug|ARM64
		Debug|Default = Debug|Default
		Debug|x64 = Debug|x64
		Debug|x86 = Debug|x86
		Release|Any CPU = Release|Any CPU
		Release|ARM = Release|ARM
		Release|ARM64 = Release|ARM64
		Release|Default = Release|Default
		Release|x64 = Release|x64
		Release|x86 = Release|x86
	EndGlobalSection
	GlobalSection(ProjectConfigurationPlatforms) = postSolution
		{FA4291EA-A97E-4854-959F-91EE7B330B37}.Debug|Any CPU.ActiveCfg = Debug|Any CPU
		{FA4291EA-A97E-4854-959F-91EE7B330B37}.Debug|Any CPU.Build.0 = Debug|Any CPU
		{FA4291EA-A97E-4854-959F-91EE7B330B37}.Debug|ARM.ActiveCfg = Debug|Any CPU
		{FA4291EA-A97E-4854-959F-91EE7B330B37}.Debug|ARM.Build.0 = Debug|Any CPU
		{FA4291EA-A97E-4854-959F-91EE7B330B37}.Debug|ARM64.ActiveCfg = Debug|Any CPU
		{FA4291EA-A97E-4854-959F-91EE7B330B37}.Debug|ARM64.Build.0 = Debug|Any CPU
		{FA4291EA-A97E-4854-959F-91EE7B330B37}.Debug|Default.ActiveCfg = Debug|Any CPU
		{FA4291EA-A97E-4854-959F-91EE7B330B37}.Debug|Default.Build.0 = Debug|Any CPU
		{FA4291EA-A97E-4854-959F-91EE7B330B37}.Debug|x64.ActiveCfg = Debug|Any CPU
		{FA4291EA-A97E-4854-959F-91EE7B330B37}.Debug|x64.Build.0 = Debug|Any CPU
		{FA4291EA-A97E-4854-959F-91EE7B330B37}.Debug|x86.ActiveCfg = Debug|Any CPU
		{FA4291EA-A97E-4854-959F-91EE7B330B37}.Debug|x86.Build.0 = Debug|Any CPU
		{FA4291EA-A97E-4854-959F-91EE7B330B37}.Release|Any CPU.ActiveCfg = Release|Any CPU
		{FA4291EA-A97E-4854-959F-91EE7B330B37}.Release|Any CPU.Build.0 = Release|Any CPU
		{FA4291EA-A97E-4854-959F-91EE7B330B37}.Release|ARM.ActiveCfg = Release|Any CPU
		{FA4291EA-A97E-4854-959F-91EE7B330B37}.Release|ARM.Build.0 = Release|Any CPU
		{FA4291EA-A97E-4854-959F-91EE7B330B37}.Release|ARM64.ActiveCfg = Release|Any CPU
		{FA4291EA-A97E-4854-959F-91EE7B330B37}.Release|ARM64.Build.0 = Release|Any CPU
		{FA4291EA-A97E-4854-959F-91EE7B330B37}.Release|Default.ActiveCfg = Release|Any CPU
		{FA4291EA-A97E-4854-959F-91EE7B330B37}.Release|Default.Build.0 = Release|Any CPU
		{FA4291EA-A97E-4854-959F-91EE7B330B37}.Release|x64.ActiveCfg = Release|Any CPU
		{FA4291EA-A97E-4854-959F-91EE7B330B37}.Release|x64.Build.0 = Release|Any CPU
		{FA4291EA-A97E-4854-959F-91EE7B330B37}.Release|x86.ActiveCfg = Release|Any CPU
		{FA4291EA-A97E-4854-959F-91EE7B330B37}.Release|x86.Build.0 = Release|Any CPU
		{520E523A-1E9B-4983-ABA9-0EB3B27B6420}.Debug|Any CPU.ActiveCfg = Debug|Any CPU
		{520E523A-1E9B-4983-ABA9-0EB3B27B6420}.Debug|Any CPU.Build.0 = Debug|Any CPU
		{520E523A-1E9B-4983-ABA9-0EB3B27B6420}.Debug|Any CPU.Deploy.0 = Debug|Any CPU
		{520E523A-1E9B-4983-ABA9-0EB3B27B6420}.Debug|ARM.ActiveCfg = Debug|ARM
		{520E523A-1E9B-4983-ABA9-0EB3B27B6420}.Debug|ARM.Build.0 = Debug|ARM
		{520E523A-1E9B-4983-ABA9-0EB3B27B6420}.Debug|ARM.Deploy.0 = Debug|ARM
		{520E523A-1E9B-4983-ABA9-0EB3B27B6420}.Debug|ARM64.ActiveCfg = Debug|ARM64
		{520E523A-1E9B-4983-ABA9-0EB3B27B6420}.Debug|ARM64.Build.0 = Debug|ARM64
		{520E523A-1E9B-4983-ABA9-0EB3B27B6420}.Debug|ARM64.Deploy.0 = Debug|ARM64
		{520E523A-1E9B-4983-ABA9-0EB3B27B6420}.Debug|Default.ActiveCfg = Debug|Any CPU
		{520E523A-1E9B-4983-ABA9-0EB3B27B6420}.Debug|Default.Build.0 = Debug|Any CPU
		{520E523A-1E9B-4983-ABA9-0EB3B27B6420}.Debug|Default.Deploy.0 = Debug|Any CPU
		{520E523A-1E9B-4983-ABA9-0EB3B27B6420}.Debug|x64.ActiveCfg = Debug|x64
		{520E523A-1E9B-4983-ABA9-0EB3B27B6420}.Debug|x64.Build.0 = Debug|x64
		{520E523A-1E9B-4983-ABA9-0EB3B27B6420}.Debug|x64.Deploy.0 = Debug|x64
		{520E523A-1E9B-4983-ABA9-0EB3B27B6420}.Debug|x86.ActiveCfg = Debug|x86
		{520E523A-1E9B-4983-ABA9-0EB3B27B6420}.Debug|x86.Build.0 = Debug|x86
		{520E523A-1E9B-4983-ABA9-0EB3B27B6420}.Debug|x86.Deploy.0 = Debug|x86
		{520E523A-1E9B-4983-ABA9-0EB3B27B6420}.Release|Any CPU.ActiveCfg = Release|Any CPU
		{520E523A-1E9B-4983-ABA9-0EB3B27B6420}.Release|Any CPU.Build.0 = Release|Any CPU
		{520E523A-1E9B-4983-ABA9-0EB3B27B6420}.Release|Any CPU.Deploy.0 = Release|Any CPU
		{520E523A-1E9B-4983-ABA9-0EB3B27B6420}.Release|ARM.ActiveCfg = Release|ARM
		{520E523A-1E9B-4983-ABA9-0EB3B27B6420}.Release|ARM.Build.0 = Release|ARM
		{520E523A-1E9B-4983-ABA9-0EB3B27B6420}.Release|ARM.Deploy.0 = Release|ARM
		{520E523A-1E9B-4983-ABA9-0EB3B27B6420}.Release|ARM64.ActiveCfg = Release|ARM64
		{520E523A-1E9B-4983-ABA9-0EB3B27B6420}.Release|ARM64.Build.0 = Release|ARM64
		{520E523A-1E9B-4983-ABA9-0EB3B27B6420}.Release|ARM64.Deploy.0 = Release|ARM64
		{520E523A-1E9B-4983-ABA9-0EB3B27B6420}.Release|Default.ActiveCfg = Release|Any CPU
		{520E523A-1E9B-4983-ABA9-0EB3B27B6420}.Release|Default.Build.0 = Release|Any CPU
		{520E523A-1E9B-4983-ABA9-0EB3B27B6420}.Release|Default.Deploy.0 = Release|Any CPU
		{520E523A-1E9B-4983-ABA9-0EB3B27B6420}.Release|x64.ActiveCfg = Release|x64
		{520E523A-1E9B-4983-ABA9-0EB3B27B6420}.Release|x64.Build.0 = Release|x64
		{520E523A-1E9B-4983-ABA9-0EB3B27B6420}.Release|x64.Deploy.0 = Release|x64
		{520E523A-1E9B-4983-ABA9-0EB3B27B6420}.Release|x86.ActiveCfg = Release|x86
		{520E523A-1E9B-4983-ABA9-0EB3B27B6420}.Release|x86.Build.0 = Release|x86
		{520E523A-1E9B-4983-ABA9-0EB3B27B6420}.Release|x86.Deploy.0 = Release|x86
	EndGlobalSection
	GlobalSection(SolutionProperties) = preSolution
		HideSolutionNode = FALSE
	EndGlobalSection
	GlobalSection(ExtensibilityGlobals) = postSolution
		SolutionGuid = {196E91E3-8AF1-41B3-9BD5-002BC225B6E3}
	EndGlobalSection
	GlobalSection(SolutionConfigurationPlatforms) = preSolution
		Debug|Any CPU = Debug|Any CPU
		Debug|ARM = Debug|ARM
		Debug|ARM64 = Debug|ARM64
		Debug|Default = Debug|Default
		Debug|x64 = Debug|x64
		Debug|x86 = Debug|x86
		Release|Any CPU = Release|Any CPU
		Release|ARM = Release|ARM
		Release|ARM64 = Release|ARM64
		Release|Default = Release|Default
		Release|x64 = Release|x64
		Release|x86 = Release|x86
	EndGlobalSection
	GlobalSection(SolutionConfigurationPlatforms) = preSolution
		Debug|Any CPU = Debug|Any CPU
		Debug|ARM = Debug|ARM
		Debug|ARM64 = Debug|ARM64
		Debug|Default = Debug|Default
		Debug|x64 = Debug|x64
		Debug|x86 = Debug|x86
		Release|Any CPU = Release|Any CPU
		Release|ARM = Release|ARM
		Release|ARM64 = Release|ARM64
		Release|Default = Release|Default
		Release|x64 = Release|x64
		Release|x86 = Release|x86
	EndGlobalSection
	GlobalSection(SolutionConfigurationPlatforms) = preSolution
		Debug|Any CPU = Debug|Any CPU
		Debug|ARM = Debug|ARM
		Debug|ARM64 = Debug|ARM64
		Debug|Default = Debug|Default
		Debug|x64 = Debug|x64
		Debug|x86 = Debug|x86
		Release|Any CPU = Release|Any CPU
		Release|ARM = Release|ARM
		Release|ARM64 = Release|ARM64
		Release|Default = Release|Default
		Release|x64 = Release|x64
		Release|x86 = Release|x86
	EndGlobalSection
	GlobalSection(SolutionConfigurationPlatforms) = preSolution
		Debug|Any CPU = Debug|Any CPU
		Debug|ARM = Debug|ARM
		Debug|ARM64 = Debug|ARM64
		Debug|Default = Debug|Default
		Debug|x64 = Debug|x64
		Debug|x86 = Debug|x86
		Release|Any CPU = Release|Any CPU
		Release|ARM = Release|ARM
		Release|ARM64 = Release|ARM64
		Release|Default = Release|Default
		Release|x64 = Release|x64
		Release|x86 = Release|x86
	EndGlobalSection
EndGlobal
